{
  "name": "ux-data-proxy",
  "version": "1.1.3",
  "lockfileVersion": 1,
  "requires": true,
  "dependencies": {
    "graceful-fs": {
      "version": "4.2.4",
      "resolved": "https://registry.npm.taobao.org/graceful-fs/download/graceful-fs-4.2.4.tgz?cache=0&sync_timestamp=1588086924019&other_urls=https%3A%2F%2Fregistry.npm.taobao.org%2Fgraceful-fs%2Fdownload%2Fgraceful-fs-4.2.4.tgz",
      "integrity": "sha1-Ila94U02MpWMRl68ltxGfKB6Kfs="
    },
    "is-promise": {
      "version": "2.2.2",
      "resolved": "https://registry.npm.taobao.org/is-promise/download/is-promise-2.2.2.tgz",
      "integrity": "sha1-OauVnMv5p3TPB597QMeib3YxNfE="
    },
    "lodash": {
      "version": "4.17.21",
      "resolved": "https://registry.npmjs.org/lodash/-/lodash-4.17.21.tgz",
      "integrity": "sha512-v2kDEe57lecTulaDIuNTPy3Ry4gLGJ6Z1O3vE1krgXZNrsQ+LFTGHVxVjcXPs17LhbZVGedAJv8XZ1tvj5FvSg=="
    },
    "lowdb": {
      "version": "1.0.0",
      "resolved": "https://registry.npm.taobao.org/lowdb/download/lowdb-1.0.0.tgz",
      "integrity": "sha1-UkO+ayJ4bMzjDlDJoz6sNrIMgGQ=",
      "requires": {
        "graceful-fs": "^4.1.3",
        "is-promise": "^2.1.0",
        "lodash": "4",
        "pify": "^3.0.0",
        "steno": "^0.4.1"
      }
    },
    "pify": {
      "version": "3.0.0",
      "resolved": "https://registry.npm.taobao.org/pify/download/pify-3.0.0.tgz?cache=0&sync_timestamp=1581697613983&other_urls=https%3A%2F%2Fregistry.npm.taobao.org%2Fpify%2Fdownload%2Fpify-3.0.0.tgz",
      "integrity": "sha1-5aSs0sEB/fPZpNB/DbxNtJ3SgXY="
    },
    "steno": {
      "version": "0.4.4",
      "resolved": "https://registry.npm.taobao.org/steno/download/steno-0.4.4.tgz?cache=0&sync_timestamp=1584577433990&other_urls=https%3A%2F%2Fregistry.npm.taobao.org%2Fsteno%2Fdownload%2Fsteno-0.4.4.tgz",
      "integrity": "sha1-BxEFvfwobmYVwEA8J+nXtdy4Vcs=",
      "requires": {
        "graceful-fs": "^4.1.3"
      }
    },
    "typescript": {
      "version": "3.9.7",
      "resolved": "https://registry.npm.taobao.org/typescript/download/typescript-3.9.7.tgz?cache=0&sync_timestamp=1595400635859&other_urls=https%3A%2F%2Fregistry.npm.taobao.org%2Ftypescript%2Fdownload%2Ftypescript-3.9.7.tgz",
      "integrity": "sha1-mNYApevcOPQMsndSLxLcgA6eJfo=",
      "dev": true
    }
  }
}
